
Microsoft Visual Studio Solution File, Format Version 12.00
# Visual Studio 15
VisualStudioVersion = 15.0.28307.1525
MinimumVisualStudioVersion = 10.0.40219.1
Project("{8BC9CEB8-8B4A-11D0-8D11-00A0C91BC942}") = "VulkanExp", "VulkanExp\VulkanExp.vcxproj", "{16F6C4B0-94C7-4189-B923-E517C07B713F}"
EndProject
Global
	GlobalSection(SolutionConfigurationPlatforms) = preSolution
		Debug|x64 = Debug|x64
		Debug|x86 = Debug|x86
		Release|x64 = Release|x64
		Release|x86 = Release|x86
	EndGlobalSection
	GlobalSection(ProjectConfigurationPlatforms) = postSolution
		{16F6C4B0-94C7-4189-B923-E517C07B713F}.Debug|x64.ActiveCfg = Debug|x64
		{16F6C4B0-94C7-4189-B923-E517C07B713F}.Debug|x64.Build.0 = Debug|x64
		{16F6C4B0-94C7-4189-B923-E517C07B713F}.Debug|x86.ActiveCfg = Debug|Win32
		{16F6C4B0-94C7-4189-B923-E517C07B713F}.Debug|x86.Build.0 = Debug|Win32
		{16F6C4B0-94C7-4189-B923-E517C07B713F}.Release|x64.ActiveCfg = Release|x64
		{16F6C4B0-94C7-4189-B923-E517C07B713F}.Release|x64.Build.0 = Release|x64
		{16F6C4B0-94C7-4189-B923-E517C07B713F}.Release|x86.ActiveCfg = Release|Win32
		{16F6C4B0-94C7-4189-B923-E517C07B713F}.Release|x86.Build.0 = Release|Win32
	EndGlobalSection
	GlobalSection(SolutionProperties) = preSolution
		HideSolutionNode = FALSE
	EndGlobalSection
	GlobalSection(ExtensibilityGlobals) = postSolution
		SolutionGuid = {60B2C58C-E3C0-47A0-B60D-DF2DEC4B4550}
	EndGlobalSection
EndGlobal
